
Microsoft Visual Studio Solution File, Format Version 12.00
# Visual Studio Version 17
VisualStudioVersion = 17.0.31903.59
MinimumVisualStudioVersion = 10.0.40219.1
Project("{FAE04EC0-301F-11D3-BF4B-00C04F79EFBC}") = "TaskManagementAPI", "TaskManagementAPI\TaskManagementAPI.csproj", "{02BC94DC-D81A-4C3E-84B7-A993825D8E16}"
EndProject
Project("{FAE04EC0-301F-11D3-BF4B-00C04F79EFBC}") = "TaskManagementAPI.Tests", "TaskManagementAPI.Tests\TaskManagementAPI.Tests.csproj", "{181CB65D-1C14-4450-B1CB-EEF58FFF4328}"
EndProject
Global
	GlobalSection(SolutionConfigurationPlatforms) = preSolution
		Debug|Any CPU = Debug|Any CPU
		Release|Any CPU = Release|Any CPU
	EndGlobalSection
	GlobalSection(SolutionProperties) = preSolution
		HideSolutionNode = FALSE
	EndGlobalSection
	GlobalSection(ProjectConfigurationPlatforms) = postSolution
		{02BC94DC-D81A-4C3E-84B7-A993825D8E16}.Debug|Any CPU.ActiveCfg = Debug|Any CPU
		{02BC94DC-D81A-4C3E-84B7-A993825D8E16}.Debug|Any CPU.Build.0 = Debug|Any CPU
		{02BC94DC-D81A-4C3E-84B7-A993825D8E16}.Release|Any CPU.ActiveCfg = Release|Any CPU
		{02BC94DC-D81A-4C3E-84B7-A993825D8E16}.Release|Any CPU.Build.0 = Release|Any CPU
		{181CB65D-1C14-4450-B1CB-EEF58FFF4328}.Debug|Any CPU.ActiveCfg = Debug|Any CPU
		{181CB65D-1C14-4450-B1CB-EEF58FFF4328}.Debug|Any CPU.Build.0 = Debug|Any CPU
		{181CB65D-1C14-4450-B1CB-EEF58FFF4328}.Release|Any CPU.ActiveCfg = Release|Any CPU
		{181CB65D-1C14-4450-B1CB-EEF58FFF4328}.Release|Any CPU.Build.0 = Release|Any CPU
	EndGlobalSection
EndGlobal
